
Microsoft Visual Studio Solution File, Format Version 10.00
# Visual C++ Express 2008
Project("{8BC9CEB8-8B4A-11D0-8D11-00A0C91BC942}") = "libfwps", "libfwps\libfwps.vcproj", "{A12184EC-E059-4FA1-8A15-AF8726DDD517}"
	ProjectSection(ProjectDependencies) = postProject
		{A0028F3E-BF42-4839-A17E-21D8089C78B8} = {A0028F3E-BF42-4839-A17E-21D8089C78B8}
		{BDCA6B77-89E7-4869-857C-B38D7BA799EB} = {BDCA6B77-89E7-4869-857C-B38D7BA799EB}
		{AFAFA4E2-8903-4EC0-91F7-919989BEFA74} = {AFAFA4E2-8903-4EC0-91F7-919989BEFA74}
		{5371242B-3CF1-4687-998E-79507509A904} = {5371242B-3CF1-4687-998E-79507509A904}
		{FBB375A6-D219-44E4-AF40-F91C3029FC56} = {FBB375A6-D219-44E4-AF40-F91C3029FC56}
		{A5122AE5-0E5F-44A5-A846-5EE2A6BC071C} = {A5122AE5-0E5F-44A5-A846-5EE2A6BC071C}
		{BEC1C87D-3B70-47EF-BED4-5FDA31880A42} = {BEC1C87D-3B70-47EF-BED4-5FDA31880A42}
		{B09CA6A5-E46A-412B-9B99-2C660E56E63A} = {B09CA6A5-E46A-412B-9B99-2C660E56E63A}
	EndProjectSection
EndProject
Project("{8BC9CEB8-8B4A-11D0-8D11-00A0C91BC942}") = "libfole", "libfole\libfole.vcproj", "{B09CA6A5-E46A-412B-9B99-2C660E56E63A}"
	ProjectSection(ProjectDependencies) = postProject
		{A0028F3E-BF42-4839-A17E-21D8089C78B8} = {A0028F3E-BF42-4839-A17E-21D8089C78B8}
	EndProjectSection
EndProject
Project("{8BC9CEB8-8B4A-11D0-8D11-00A0C91BC942}") = "libfguid", "libfguid\libfguid.vcproj", "{BEC1C87D-3B70-47EF-BED4-5FDA31880A42}"
	ProjectSection(ProjectDependencies) = postProject
		{A0028F3E-BF42-4839-A17E-21D8089C78B8} = {A0028F3E-BF42-4839-A17E-21D8089C78B8}
	EndProjectSection
EndProject
Project("{8BC9CEB8-8B4A-11D0-8D11-00A0C91BC942}") = "fwsi_test_cdburn_values", "fwsi_test_cdburn_values\fwsi_test_cdburn_values.vcproj", "{F9096B51-68FA-45FE-BD4B-7A3971E98E10}"
	ProjectSection(ProjectDependencies) = postProject
		{D3F8FFAD-8A36-4D29-BFF8-2BC58B8DD8F3} = {D3F8FFAD-8A36-4D29-BFF8-2BC58B8DD8F3}
		{A0028F3E-BF42-4839-A17E-21D8089C78B8} = {A0028F3E-BF42-4839-A17E-21D8089C78B8}
	EndProjectSection
EndProject
Project("{8BC9CEB8-8B4A-11D0-8D11-00A0C91BC942}") = "fwsi_test_compressed_folder_values", "fwsi_test_compressed_folder_values\fwsi_test_compressed_folder_values.vcproj", "{11D618E5-BFD6-415A-8732-322416CE699E}"
	ProjectSection(ProjectDependencies) = postProject
		{D3F8FFAD-8A36-4D29-BFF8-2BC58B8DD8F3} = {D3F8FFAD-8A36-4D29-BFF8-2BC58B8DD8F3}
		{A0028F3E-BF42-4839-A17E-21D8089C78B8} = {A0028F3E-BF42-4839-A17E-21D8089C78B8}
	EndProjectSection
EndProject
Project("{8BC9CEB8-8B4A-11D0-8D11-00A0C91BC942}") = "fwsi_test_control_panel_category_values", "fwsi_test_control_panel_category_values\fwsi_test_control_panel_category_values.vcproj", "{B5C965A0-2D88-4A78-84D3-949A9F3ECE79}"
	ProjectSection(ProjectDependencies) = postProject
		{D3F8FFAD-8A36-4D29-BFF8-2BC58B8DD8F3} = {D3F8FFAD-8A36-4D29-BFF8-2BC58B8DD8F3}
		{A0028F3E-BF42-4839-A17E-21D8089C78B8} = {A0028F3E-BF42-4839-A17E-21D8089C78B8}
	EndProjectSection
EndProject
Project("{8BC9CEB8-8B4A-11D0-8D11-00A0C91BC942}") = "fwsi_test_control_panel_cpl_file_values", "fwsi_test_control_panel_cpl_file_values\fwsi_test_control_panel_cpl_file_values.vcproj", "{F5D5F678-7B1F-4059-9770-5862C4182C9F}"
	ProjectSection(ProjectDependencies) = postProject
		{D3F8FFAD-8A36-4D29-BFF8-2BC58B8DD8F3} = {D3F8FFAD-8A36-4D29-BFF8-2BC58B8DD8F3}
		{A0028F3E-BF42-4839-A17E-21D8089C78B8} = {A0028F3E-BF42-4839-A17E-21D8089C78B8}
	EndProjectSection
EndProject
Project("{8BC9CEB8-8B4A-11D0-8D11-00A0C91BC942}") = "fwsi_test_control_panel_values", "fwsi_test_control_panel_values\fwsi_test_control_panel_values.vcproj", "{69950AE1-9D68-49DD-B76E-7E4400747D3B}"
	ProjectSection(ProjectDependencies) = postProject
		{D3F8FFAD-8A36-4D29-BFF8-2BC58B8DD8F3} = {D3F8FFAD-8A36-4D29-BFF8-2BC58B8DD8F3}
		{A0028F3E-BF42-4839-A17E-21D8089C78B8} = {A0028F3E-BF42-4839-A17E-21D8089C78B8}
	EndProjectSection
EndProject
Project("{8BC9CEB8-8B4A-11D0-8D11-00A0C91BC942}") = "fwsi_test_delegate_values", "fwsi_test_delegate_values\fwsi_test_delegate_values.vcproj", "{A781DD2B-2103-44D4-B4B2-D9943B26BA48}"
	ProjectSection(ProjectDependencies) = postProject
		{D3F8FFAD-8A36-4D29-BFF8-2BC58B8DD8F3} = {D3F8FFAD-8A36-4D29-BFF8-2BC58B8DD8F3}
		{A0028F3E-BF42-4839-A17E-21D8089C78B8} = {A0028F3E-BF42-4839-A17E-21D8089C78B8}
	EndProjectSection
EndProject
Project("{8BC9CEB8-8B4A-11D0-8D11-00A0C91BC942}") = "fwsi_test_error", "fwsi_test_error\fwsi_test_error.vcproj", "{E3C43CA8-89C8-4A90-B24F-392032B01F12}"
	ProjectSection(ProjectDependencies) = postProject
		{D3F8FFAD-8A36-4D29-BFF8-2BC58B8DD8F3} = {D3F8FFAD-8A36-4D29-BFF8-2BC58B8DD8F3}
	EndProjectSection
EndProject
Project("{8BC9CEB8-8B4A-11D0-8D11-00A0C91BC942}") = "fwsi_test_extension_block", "fwsi_test_extension_block\fwsi_test_extension_block.vcproj", "{37BBCE76-5A5A-4363-98A8-7105AC4F3857}"
	ProjectSection(ProjectDependencies) = postProject
		{D3F8FFAD-8A36-4D29-BFF8-2BC58B8DD8F3} = {D3F8FFAD-8A36-4D29-BFF8-2BC58B8DD8F3}
		{A0028F3E-BF42-4839-A17E-21D8089C78B8} = {A0028F3E-BF42-4839-A17E-21D8089C78B8}
	EndProjectSection
EndProject
Project("{8BC9CEB8-8B4A-11D0-8D11-00A0C91BC942}") = "fwsi_test_extension_block_0xbeef0000_values", "fwsi_test_extension_block_0xbeef0000_values\fwsi_test_extension_block_0xbeef0000_values.vcproj", "{54F15FA7-7EB0-4233-8452-C16C1BE09C1F}"
	ProjectSection(ProjectDependencies) = postProject
		{D3F8FFAD-8A36-4D29-BFF8-2BC58B8DD8F3} = {D3F8FFAD-8A36-4D29-BFF8-2BC58B8DD8F3}
		{A0028F3E-BF42-4839-A17E-21D8089C78B8} = {A0028F3E-BF42-4839-A17E-21D8089C78B8}
	EndProjectSection
EndProject
Project("{8BC9CEB8-8B4A-11D0-8D11-00A0C91BC942}") = "fwsi_test_extension_block_0xbeef0001_values", "fwsi_test_extension_block_0xbeef0001_values\fwsi_test_extension_block_0xbeef0001_values.vcproj", "{FC6EBA7D-2862-4076-8A15-341E49249857}"
	ProjectSection(ProjectDependencies) = postProject
		{D3F8FFAD-8A36-4D29-BFF8-2BC58B8DD8F3} = {D3F8FFAD-8A36-4D29-BFF8-2BC58B8DD8F3}
		{A0028F3E-BF42-4839-A17E-21D8089C78B8} = {A0028F3E-BF42-4839-A17E-21D8089C78B8}
	EndProjectSection
EndProject
Project("{8BC9CEB8-8B4A-11D0-8D11-00A0C91BC942}") = "fwsi_test_extension_block_0xbeef0003_values", "fwsi_test_extension_block_0xbeef0003_values\fwsi_test_extension_block_0xbeef0003_values.vcproj", "{0370C238-494B-4B52-A916-818EF6ADE958}"
	ProjectSection(ProjectDependencies) = postProject
		{D3F8FFAD-8A36-4D29-BFF8-2BC58B8DD8F3} = {D3F8FFAD-8A36-4D29-BFF8-2BC58B8DD8F3}
		{A0028F3E-BF42-4839-A17E-21D8089C78B8} = {A0028F3E-BF42-4839-A17E-21D8089C78B8}
	EndProjectSection
EndProject
Project("{8BC9CEB8-8B4A-11D0-8D11-00A0C91BC942}") = "fwsi_test_extension_block_0xbeef0005_values", "fwsi_test_extension_block_0xbeef0005_values\fwsi_test_extension_block_0xbeef0005_values.vcproj", "{C82A9587-453D-4129-9577-1CC5F6736132}"
	ProjectSection(ProjectDependencies) = postProject
		{D3F8FFAD-8A36-4D29-BFF8-2BC58B8DD8F3} = {D3F8FFAD-8A36-4D29-BFF8-2BC58B8DD8F3}
		{A0028F3E-BF42-4839-A17E-21D8089C78B8} = {A0028F3E-BF42-4839-A17E-21D8089C78B8}
	EndProjectSection
EndProject
Project("{8BC9CEB8-8B4A-11D0-8D11-00A0C91BC942}") = "fwsi_test_extension_block_0xbeef0006_values", "fwsi_test_extension_block_0xbeef0006_values\fwsi_test_extension_block_0xbeef0006_values.vcproj", "{E3E8700F-7C9D-4F42-984A-A8808C9BACE3}"
	ProjectSection(ProjectDependencies) = postProject
		{D3F8FFAD-8A36-4D29-BFF8-2BC58B8DD8F3} = {D3F8FFAD-8A36-4D29-BFF8-2BC58B8DD8F3}
		{A0028F3E-BF42-4839-A17E-21D8089C78B8} = {A0028F3E-BF42-4839-A17E-21D8089C78B8}
	EndProjectSection
EndProject
Project("{8BC9CEB8-8B4A-11D0-8D11-00A0C91BC942}") = "fwsi_test_extension_block_0xbeef000a_values", "fwsi_test_extension_block_0xbeef000a_values\fwsi_test_extension_block_0xbeef000a_values.vcproj", "{1FFD9485-16B7-424C-96F9-570A23EBA6A5}"
	ProjectSection(ProjectDependencies) = postProject
		{D3F8FFAD-8A36-4D29-BFF8-2BC58B8DD8F3} = {D3F8FFAD-8A36-4D29-BFF8-2BC58B8DD8F3}
		{A0028F3E-BF42-4839-A17E-21D8089C78B8} = {A0028F3E-BF42-4839-A17E-21D8089C78B8}
	EndProjectSection
EndProject
Project("{8BC9CEB8-8B4A-11D0-8D11-00A0C91BC942}") = "fwsi_test_extension_block_0xbeef0013_values", "fwsi_test_extension_block_0xbeef0013_values\fwsi_test_extension_block_0xbeef0013_values.vcproj", "{539E3DEA-B41D-4071-A77A-E86EBFD56434}"
	ProjectSection(ProjectDependencies) = postProject
		{D3F8FFAD-8A36-4D29-BFF8-2BC58B8DD8F3} = {D3F8FFAD-8A36-4D29-BFF8-2BC58B8DD8F3}
		{A0028F3E-BF42-4839-A17E-21D8089C78B8} = {A0028F3E-BF42-4839-A17E-21D8089C78B8}
	EndProjectSection
EndProject
Project("{8BC9CEB8-8B4A-11D0-8D11-00A0C91BC942}") = "fwsi_test_extension_block_0xbeef0014_values", "fwsi_test_extension_block_0xbeef0014_values\fwsi_test_extension_block_0xbeef0014_values.vcproj", "{4D63AA8F-6EBD-4FAC-8F89-28489CEB97F4}"
	ProjectSection(ProjectDependencies) = postProject
		{D3F8FFAD-8A36-4D29-BFF8-2BC58B8DD8F3} = {D3F8FFAD-8A36-4D29-BFF8-2BC58B8DD8F3}
		{A0028F3E-BF42-4839-A17E-21D8089C78B8} = {A0028F3E-BF42-4839-A17E-21D8089C78B8}
	EndProjectSection
EndProject
Project("{8BC9CEB8-8B4A-11D0-8D11-00A0C91BC942}") = "fwsi_test_extension_block_0xbeef0019_values", "fwsi_test_extension_block_0xbeef0019_values\fwsi_test_extension_block_0xbeef0019_values.vcproj", "{099E40B5-C011-44FD-BEC2-C46FE075EE19}"
	ProjectSection(ProjectDependencies) = postProject
		{D3F8FFAD-8A36-4D29-BFF8-2BC58B8DD8F3} = {D3F8FFAD-8A36-4D29-BFF8-2BC58B8DD8F3}
		{A0028F3E-BF42-4839-A17E-21D8089C78B8} = {A0028F3E-BF42-4839-A17E-21D8089C78B8}
	EndProjectSection
EndProject
Project("{8BC9CEB8-8B4A-11D0-8D11-00A0C91BC942}") = "fwsi_test_extension_block_0xbeef0025_values", "fwsi_test_extension_block_0xbeef0025_values\fwsi_test_extension_block_0xbeef0025_values.vcproj", "{6BEC913E-AFEB-4C16-AB73-53A44DDA8210}"
	ProjectSection(ProjectDependencies) = postProject
		{D3F8FFAD-8A36-4D29-BFF8-2BC58B8DD8F3} = {D3F8FFAD-8A36-4D29-BFF8-2BC58B8DD8F3}
		{A0028F3E-BF42-4839-A17E-21D8089C78B8} = {A0028F3E-BF42-4839-A17E-21D8089C78B8}
	EndProjectSection
EndProject
Project("{8BC9CEB8-8B4A-11D0-8D11-00A0C91BC942}") = "fwsi_test_file_entry_extension_values", "fwsi_test_file_entry_extension_values\fwsi_test_file_entry_extension_values.vcproj", "{B4630CF5-6F2A-4A07-8D94-B595B3CA8E70}"
	ProjectSection(ProjectDependencies) = postProject
		{D3F8FFAD-8A36-4D29-BFF8-2BC58B8DD8F3} = {D3F8FFAD-8A36-4D29-BFF8-2BC58B8DD8F3}
		{A0028F3E-BF42-4839-A17E-21D8089C78B8} = {A0028F3E-BF42-4839-A17E-21D8089C78B8}
	EndProjectSection
EndProject
Project("{8BC9CEB8-8B4A-11D0-8D11-00A0C91BC942}") = "fwsi_test_file_entry_values", "fwsi_test_file_entry_values\fwsi_test_file_entry_values.vcproj", "{98404A9A-9E39-4964-AB60-4C78133CFCD5}"
	ProjectSection(ProjectDependencies) = postProject
		{D3F8FFAD-8A36-4D29-BFF8-2BC58B8DD8F3} = {D3F8FFAD-8A36-4D29-BFF8-2BC58B8DD8F3}
		{A0028F3E-BF42-4839-A17E-21D8089C78B8} = {A0028F3E-BF42-4839-A17E-21D8089C78B8}
	EndProjectSection
EndProject
Project("{8BC9CEB8-8B4A-11D0-8D11-00A0C91BC942}") = "fwsi_test_game_folder_values", "fwsi_test_game_folder_values\fwsi_test_game_folder_values.vcproj", "{1432A9C3-46F1-45AF-BF00-CD886E38DAFA}"
	ProjectSection(ProjectDependencies) = postProject
		{D3F8FFAD-8A36-4D29-BFF8-2BC58B8DD8F3} = {D3F8FFAD-8A36-4D29-BFF8-2BC58B8DD8F3}
		{A0028F3E-BF42-4839-A17E-21D8089C78B8} = {A0028F3E-BF42-4839-A17E-21D8089C78B8}
	EndProjectSection
EndProject
Project("{8BC9CEB8-8B4A-11D0-8D11-00A0C91BC942}") = "fwsi_test_item", "fwsi_test_item\fwsi_test_item.vcproj", "{F106B0F5-ABD4-43FB-8243-FE524B71CC34}"
	ProjectSection(ProjectDependencies) = postProject
		{D3F8FFAD-8A36-4D29-BFF8-2BC58B8DD8F3} = {D3F8FFAD-8A36-4D29-BFF8-2BC58B8DD8F3}
		{A0028F3E-BF42-4839-A17E-21D8089C78B8} = {A0028F3E-BF42-4839-A17E-21D8089C78B8}
	EndProjectSection
EndProject
Project("{8BC9CEB8-8B4A-11D0-8D11-00A0C91BC942}") = "fwsi_test_item_list", "fwsi_test_item_list\fwsi_test_item_list.vcproj", "{6D488D9E-DD16-4314-B51C-073962B7AB1D}"
	ProjectSection(ProjectDependencies) = postProject
		{D3F8FFAD-8A36-4D29-BFF8-2BC58B8DD8F3} = {D3F8FFAD-8A36-4D29-BFF8-2BC58B8DD8F3}
		{A0028F3E-BF42-4839-A17E-21D8089C78B8} = {A0028F3E-BF42-4839-A17E-21D8089C78B8}
	EndProjectSection
EndProject
Project("{8BC9CEB8-8B4A-11D0-8D11-00A0C91BC942}") = "fwsi_test_mtp_file_entry_values", "fwsi_test_mtp_file_entry_values\fwsi_test_mtp_file_entry_values.vcproj", "{92ADEE98-A5D8-47F1-9DCA-985352EA28FB}"
	ProjectSection(ProjectDependencies) = postProject
		{D3F8FFAD-8A36-4D29-BFF8-2BC58B8DD8F3} = {D3F8FFAD-8A36-4D29-BFF8-2BC58B8DD8F3}
		{A0028F3E-BF42-4839-A17E-21D8089C78B8} = {A0028F3E-BF42-4839-A17E-21D8089C78B8}
	EndProjectSection
EndProject
Project("{8BC9CEB8-8B4A-11D0-8D11-00A0C91BC942}") = "fwsi_test_mtp_volume_values", "fwsi_test_mtp_volume_values\fwsi_test_mtp_volume_values.vcproj", "{2E19C18D-BEE8-40E3-A9C0-6CF172B2A399}"
	ProjectSection(ProjectDependencies) = postProject
		{D3F8FFAD-8A36-4D29-BFF8-2BC58B8DD8F3} = {D3F8FFAD-8A36-4D29-BFF8-2BC58B8DD8F3}
		{A0028F3E-BF42-4839-A17E-21D8089C78B8} = {A0028F3E-BF42-4839-A17E-21D8089C78B8}
	EndProjectSection
EndProject
Project("{8BC9CEB8-8B4A-11D0-8D11-00A0C91BC942}") = "fwsi_test_network_location_values", "fwsi_test_network_location_values\fwsi_test_network_location_values.vcproj", "{006643B4-37D5-4B97-B1C2-FF6A0FDDF068}"
	ProjectSection(ProjectDependencies) = postProject
		{D3F8FFAD-8A36-4D29-BFF8-2BC58B8DD8F3} = {D3F8FFAD-8A36-4D29-BFF8-2BC58B8DD8F3}
		{A0028F3E-BF42-4839-A17E-21D8089C78B8} = {A0028F3E-BF42-4839-A17E-21D8089C78B8}
	EndProjectSection
EndProject
Project("{8BC9CEB8-8B4A-11D0-8D11-00A0C91BC942}") = "fwsi_test_root_folder_values", "fwsi_test_root_folder_values\fwsi_test_root_folder_values.vcproj", "{EDB90453-2387-443B-B270-CECDA76F1B7D}"
	ProjectSection(ProjectDependencies) = postProject
		{D3F8FFAD-8A36-4D29-BFF8-2BC58B8DD8F3} = {D3F8FFAD-8A36-4D29-BFF8-2BC58B8DD8F3}
		{A0028F3E-BF42-4839-A17E-21D8089C78B8} = {A0028F3E-BF42-4839-A17E-21D8089C78B8}
	EndProjectSection
EndProject
Project("{8BC9CEB8-8B4A-11D0-8D11-00A0C91BC942}") = "fwsi_test_support", "fwsi_test_support\fwsi_test_support.vcproj", "{BAA2DB88-5C19-4743-92E4-F3DD74476EE8}"
	ProjectSection(ProjectDependencies) = postProject
		{D3F8FFAD-8A36-4D29-BFF8-2BC58B8DD8F3} = {D3F8FFAD-8A36-4D29-BFF8-2BC58B8DD8F3}
	EndProjectSection
EndProject
Project("{8BC9CEB8-8B4A-11D0-8D11-00A0C91BC942}") = "fwsi_test_unknown_0x74_values", "fwsi_test_unknown_0x74_values\fwsi_test_unknown_0x74_values.vcproj", "{6C68A855-FB08-4E52-A9B7-EDD65DED89CF}"
	ProjectSection(ProjectDependencies) = postProject
		{D3F8FFAD-8A36-4D29-BFF8-2BC58B8DD8F3} = {D3F8FFAD-8A36-4D29-BFF8-2BC58B8DD8F3}
		{A0028F3E-BF42-4839-A17E-21D8089C78B8} = {A0028F3E-BF42-4839-A17E-21D8089C78B8}
	EndProjectSection
EndProject
Project("{8BC9CEB8-8B4A-11D0-8D11-00A0C91BC942}") = "fwsi_test_uri_values", "fwsi_test_uri_values\fwsi_test_uri_values.vcproj", "{F64E6077-539E-477F-9F5D-0BABD4682FE5}"
	ProjectSection(ProjectDependencies) = postProject
		{D3F8FFAD-8A36-4D29-BFF8-2BC58B8DD8F3} = {D3F8FFAD-8A36-4D29-BFF8-2BC58B8DD8F3}
		{A0028F3E-BF42-4839-A17E-21D8089C78B8} = {A0028F3E-BF42-4839-A17E-21D8089C78B8}
	EndProjectSection
EndProject
Project("{8BC9CEB8-8B4A-11D0-8D11-00A0C91BC942}") = "fwsi_test_uri_sub_values", "fwsi_test_uri_sub_values\fwsi_test_uri_sub_values.vcproj", "{12883100-8CD7-41A4-A794-06DD6EFCA65F}"
	ProjectSection(ProjectDependencies) = postProject
		{D3F8FFAD-8A36-4D29-BFF8-2BC58B8DD8F3} = {D3F8FFAD-8A36-4D29-BFF8-2BC58B8DD8F3}
		{A0028F3E-BF42-4839-A17E-21D8089C78B8} = {A0028F3E-BF42-4839-A17E-21D8089C78B8}
	EndProjectSection
EndProject
Project("{8BC9CEB8-8B4A-11D0-8D11-00A0C91BC942}") = "fwsi_test_users_property_view_values", "fwsi_test_users_property_view_values\fwsi_test_users_property_view_values.vcproj", "{958CA39C-099D-494F-AAE2-12C466742184}"
	ProjectSection(ProjectDependencies) = postProject
		{D3F8FFAD-8A36-4D29-BFF8-2BC58B8DD8F3} = {D3F8FFAD-8A36-4D29-BFF8-2BC58B8DD8F3}
		{A0028F3E-BF42-4839-A17E-21D8089C78B8} = {A0028F3E-BF42-4839-A17E-21D8089C78B8}
	EndProjectSection
EndProject
Project("{8BC9CEB8-8B4A-11D0-8D11-00A0C91BC942}") = "fwsi_test_volume_values", "fwsi_test_volume_values\fwsi_test_volume_values.vcproj", "{58338F59-017F-47CD-A412-D28106D48A82}"
	ProjectSection(ProjectDependencies) = postProject
		{D3F8FFAD-8A36-4D29-BFF8-2BC58B8DD8F3} = {D3F8FFAD-8A36-4D29-BFF8-2BC58B8DD8F3}
		{A0028F3E-BF42-4839-A17E-21D8089C78B8} = {A0028F3E-BF42-4839-A17E-21D8089C78B8}
	EndProjectSection
EndProject
Project("{8BC9CEB8-8B4A-11D0-8D11-00A0C91BC942}") = "pyfwsi", "pyfwsi\pyfwsi.vcproj", "{B0E71E82-7777-4F51-901E-FF71350E9554}"
	ProjectSection(ProjectDependencies) = postProject
		{A0028F3E-BF42-4839-A17E-21D8089C78B8} = {A0028F3E-BF42-4839-A17E-21D8089C78B8}
		{D3F8FFAD-8A36-4D29-BFF8-2BC58B8DD8F3} = {D3F8FFAD-8A36-4D29-BFF8-2BC58B8DD8F3}
		{AFAFA4E2-8903-4EC0-91F7-919989BEFA74} = {AFAFA4E2-8903-4EC0-91F7-919989BEFA74}
		{90940486-1598-4B8D-A69E-1CE250112CD4} = {90940486-1598-4B8D-A69E-1CE250112CD4}
		{FBB375A6-D219-44E4-AF40-F91C3029FC56} = {FBB375A6-D219-44E4-AF40-F91C3029FC56}
		{BEC1C87D-3B70-47EF-BED4-5FDA31880A42} = {BEC1C87D-3B70-47EF-BED4-5FDA31880A42}
	EndProjectSection
EndProject
Project("{8BC9CEB8-8B4A-11D0-8D11-00A0C91BC942}") = "libclocale", "libclocale\libclocale.vcproj", "{90940486-1598-4B8D-A69E-1CE250112CD4}"
	ProjectSection(ProjectDependencies) = postProject
		{A0028F3E-BF42-4839-A17E-21D8089C78B8} = {A0028F3E-BF42-4839-A17E-21D8089C78B8}
	EndProjectSection
EndProject
Project("{8BC9CEB8-8B4A-11D0-8D11-00A0C91BC942}") = "libfdatetime", "libfdatetime\libfdatetime.vcproj", "{A5122AE5-0E5F-44A5-A846-5EE2A6BC071C}"
	ProjectSection(ProjectDependencies) = postProject
		{A0028F3E-BF42-4839-A17E-21D8089C78B8} = {A0028F3E-BF42-4839-A17E-21D8089C78B8}
	EndProjectSection
EndProject
Project("{8BC9CEB8-8B4A-11D0-8D11-00A0C91BC942}") = "libcthreads", "libcthreads\libcthreads.vcproj", "{BDCA6B77-89E7-4869-857C-B38D7BA799EB}"
	ProjectSection(ProjectDependencies) = postProject
		{A0028F3E-BF42-4839-A17E-21D8089C78B8} = {A0028F3E-BF42-4839-A17E-21D8089C78B8}
	EndProjectSection
EndProject
Project("{8BC9CEB8-8B4A-11D0-8D11-00A0C91BC942}") = "libuna", "libuna\libuna.vcproj", "{FBB375A6-D219-44E4-AF40-F91C3029FC56}"
	ProjectSection(ProjectDependencies) = postProject
		{A0028F3E-BF42-4839-A17E-21D8089C78B8} = {A0028F3E-BF42-4839-A17E-21D8089C78B8}
	EndProjectSection
EndProject
Project("{8BC9CEB8-8B4A-11D0-8D11-00A0C91BC942}") = "libfwsi", "libfwsi\libfwsi.vcproj", "{D3F8FFAD-8A36-4D29-BFF8-2BC58B8DD8F3}"
	ProjectSection(ProjectDependencies) = postProject
		{A0028F3E-BF42-4839-A17E-21D8089C78B8} = {A0028F3E-BF42-4839-A17E-21D8089C78B8}
		{AFAFA4E2-8903-4EC0-91F7-919989BEFA74} = {AFAFA4E2-8903-4EC0-91F7-919989BEFA74}
		{5371242B-3CF1-4687-998E-79507509A904} = {5371242B-3CF1-4687-998E-79507509A904}
		{FBB375A6-D219-44E4-AF40-F91C3029FC56} = {FBB375A6-D219-44E4-AF40-F91C3029FC56}
		{A5122AE5-0E5F-44A5-A846-5EE2A6BC071C} = {A5122AE5-0E5F-44A5-A846-5EE2A6BC071C}
		{BEC1C87D-3B70-47EF-BED4-5FDA31880A42} = {BEC1C87D-3B70-47EF-BED4-5FDA31880A42}
		{B09CA6A5-E46A-412B-9B99-2C660E56E63A} = {B09CA6A5-E46A-412B-9B99-2C660E56E63A}
		{A12184EC-E059-4FA1-8A15-AF8726DDD517} = {A12184EC-E059-4FA1-8A15-AF8726DDD517}
	EndProjectSection
EndProject
Project("{8BC9CEB8-8B4A-11D0-8D11-00A0C91BC942}") = "libcerror", "libcerror\libcerror.vcproj", "{A0028F3E-BF42-4839-A17E-21D8089C78B8}"
EndProject
Project("{8BC9CEB8-8B4A-11D0-8D11-00A0C91BC942}") = "libcnotify", "libcnotify\libcnotify.vcproj", "{5371242B-3CF1-4687-998E-79507509A904}"
	ProjectSection(ProjectDependencies) = postProject
		{A0028F3E-BF42-4839-A17E-21D8089C78B8} = {A0028F3E-BF42-4839-A17E-21D8089C78B8}
	EndProjectSection
EndProject
Project("{8BC9CEB8-8B4A-11D0-8D11-00A0C91BC942}") = "libcdata", "libcdata\libcdata.vcproj", "{AFAFA4E2-8903-4EC0-91F7-919989BEFA74}"
	ProjectSection(ProjectDependencies) = postProject
		{A0028F3E-BF42-4839-A17E-21D8089C78B8} = {A0028F3E-BF42-4839-A17E-21D8089C78B8}
		{BDCA6B77-89E7-4869-857C-B38D7BA799EB} = {BDCA6B77-89E7-4869-857C-B38D7BA799EB}
	EndProjectSection
EndProject
Global
	GlobalSection(SolutionConfigurationPlatforms) = preSolution
		Release|Win32 = Release|Win32
		VSDebug|Win32 = VSDebug|Win32
	EndGlobalSection
	GlobalSection(ProjectConfigurationPlatforms) = postSolution
		{A12184EC-E059-4FA1-8A15-AF8726DDD517}.Release|Win32.ActiveCfg = Release|Win32
		{A12184EC-E059-4FA1-8A15-AF8726DDD517}.Release|Win32.Build.0 = Release|Win32
		{A12184EC-E059-4FA1-8A15-AF8726DDD517}.VSDebug|Win32.ActiveCfg = VSDebug|Win32
		{A12184EC-E059-4FA1-8A15-AF8726DDD517}.VSDebug|Win32.Build.0 = VSDebug|Win32
		{B09CA6A5-E46A-412B-9B99-2C660E56E63A}.Release|Win32.ActiveCfg = Release|Win32
		{B09CA6A5-E46A-412B-9B99-2C660E56E63A}.Release|Win32.Build.0 = Release|Win32
		{B09CA6A5-E46A-412B-9B99-2C660E56E63A}.VSDebug|Win32.ActiveCfg = VSDebug|Win32
		{B09CA6A5-E46A-412B-9B99-2C660E56E63A}.VSDebug|Win32.Build.0 = VSDebug|Win32
		{BEC1C87D-3B70-47EF-BED4-5FDA31880A42}.Release|Win32.ActiveCfg = Release|Win32
		{BEC1C87D-3B70-47EF-BED4-5FDA31880A42}.Release|Win32.Build.0 = Release|Win32
		{BEC1C87D-3B70-47EF-BED4-5FDA31880A42}.VSDebug|Win32.ActiveCfg = VSDebug|Win32
		{BEC1C87D-3B70-47EF-BED4-5FDA31880A42}.VSDebug|Win32.Build.0 = VSDebug|Win32
		{F9096B51-68FA-45FE-BD4B-7A3971E98E10}.Release|Win32.ActiveCfg = Release|Win32
		{F9096B51-68FA-45FE-BD4B-7A3971E98E10}.Release|Win32.Build.0 = Release|Win32
		{F9096B51-68FA-45FE-BD4B-7A3971E98E10}.VSDebug|Win32.ActiveCfg = VSDebug|Win32
		{F9096B51-68FA-45FE-BD4B-7A3971E98E10}.VSDebug|Win32.Build.0 = VSDebug|Win32
		{11D618E5-BFD6-415A-8732-322416CE699E}.Release|Win32.ActiveCfg = Release|Win32
		{11D618E5-BFD6-415A-8732-322416CE699E}.Release|Win32.Build.0 = Release|Win32
		{11D618E5-BFD6-415A-8732-322416CE699E}.VSDebug|Win32.ActiveCfg = VSDebug|Win32
		{11D618E5-BFD6-415A-8732-322416CE699E}.VSDebug|Win32.Build.0 = VSDebug|Win32
		{B5C965A0-2D88-4A78-84D3-949A9F3ECE79}.Release|Win32.ActiveCfg = Release|Win32
		{B5C965A0-2D88-4A78-84D3-949A9F3ECE79}.Release|Win32.Build.0 = Release|Win32
		{B5C965A0-2D88-4A78-84D3-949A9F3ECE79}.VSDebug|Win32.ActiveCfg = VSDebug|Win32
		{B5C965A0-2D88-4A78-84D3-949A9F3ECE79}.VSDebug|Win32.Build.0 = VSDebug|Win32
		{F5D5F678-7B1F-4059-9770-5862C4182C9F}.Release|Win32.ActiveCfg = Release|Win32
		{F5D5F678-7B1F-4059-9770-5862C4182C9F}.Release|Win32.Build.0 = Release|Win32
		{F5D5F678-7B1F-4059-9770-5862C4182C9F}.VSDebug|Win32.ActiveCfg = VSDebug|Win32
		{F5D5F678-7B1F-4059-9770-5862C4182C9F}.VSDebug|Win32.Build.0 = VSDebug|Win32
		{69950AE1-9D68-49DD-B76E-7E4400747D3B}.Release|Win32.ActiveCfg = Release|Win32
		{69950AE1-9D68-49DD-B76E-7E4400747D3B}.Release|Win32.Build.0 = Release|Win32
		{69950AE1-9D68-49DD-B76E-7E4400747D3B}.VSDebug|Win32.ActiveCfg = VSDebug|Win32
		{69950AE1-9D68-49DD-B76E-7E4400747D3B}.VSDebug|Win32.Build.0 = VSDebug|Win32
		{A781DD2B-2103-44D4-B4B2-D9943B26BA48}.Release|Win32.ActiveCfg = Release|Win32
		{A781DD2B-2103-44D4-B4B2-D9943B26BA48}.Release|Win32.Build.0 = Release|Win32
		{A781DD2B-2103-44D4-B4B2-D9943B26BA48}.VSDebug|Win32.ActiveCfg = VSDebug|Win32
		{A781DD2B-2103-44D4-B4B2-D9943B26BA48}.VSDebug|Win32.Build.0 = VSDebug|Win32
		{E3C43CA8-89C8-4A90-B24F-392032B01F12}.Release|Win32.ActiveCfg = Release|Win32
		{E3C43CA8-89C8-4A90-B24F-392032B01F12}.Release|Win32.Build.0 = Release|Win32
		{E3C43CA8-89C8-4A90-B24F-392032B01F12}.VSDebug|Win32.ActiveCfg = VSDebug|Win32
		{E3C43CA8-89C8-4A90-B24F-392032B01F12}.VSDebug|Win32.Build.0 = VSDebug|Win32
		{37BBCE76-5A5A-4363-98A8-7105AC4F3857}.Release|Win32.ActiveCfg = Release|Win32
		{37BBCE76-5A5A-4363-98A8-7105AC4F3857}.Release|Win32.Build.0 = Release|Win32
		{37BBCE76-5A5A-4363-98A8-7105AC4F3857}.VSDebug|Win32.ActiveCfg = VSDebug|Win32
		{37BBCE76-5A5A-4363-98A8-7105AC4F3857}.VSDebug|Win32.Build.0 = VSDebug|Win32
		{54F15FA7-7EB0-4233-8452-C16C1BE09C1F}.Release|Win32.ActiveCfg = Release|Win32
		{54F15FA7-7EB0-4233-8452-C16C1BE09C1F}.Release|Win32.Build.0 = Release|Win32
		{54F15FA7-7EB0-4233-8452-C16C1BE09C1F}.VSDebug|Win32.ActiveCfg = VSDebug|Win32
		{54F15FA7-7EB0-4233-8452-C16C1BE09C1F}.VSDebug|Win32.Build.0 = VSDebug|Win32
		{FC6EBA7D-2862-4076-8A15-341E49249857}.Release|Win32.ActiveCfg = Release|Win32
		{FC6EBA7D-2862-4076-8A15-341E49249857}.Release|Win32.Build.0 = Release|Win32
		{FC6EBA7D-2862-4076-8A15-341E49249857}.VSDebug|Win32.ActiveCfg = VSDebug|Win32
		{FC6EBA7D-2862-4076-8A15-341E49249857}.VSDebug|Win32.Build.0 = VSDebug|Win32
		{0370C238-494B-4B52-A916-818EF6ADE958}.Release|Win32.ActiveCfg = Release|Win32
		{0370C238-494B-4B52-A916-818EF6ADE958}.Release|Win32.Build.0 = Release|Win32
		{0370C238-494B-4B52-A916-818EF6ADE958}.VSDebug|Win32.ActiveCfg = VSDebug|Win32
		{0370C238-494B-4B52-A916-818EF6ADE958}.VSDebug|Win32.Build.0 = VSDebug|Win32
		{C82A9587-453D-4129-9577-1CC5F6736132}.Release|Win32.ActiveCfg = Release|Win32
		{C82A9587-453D-4129-9577-1CC5F6736132}.Release|Win32.Build.0 = Release|Win32
		{C82A9587-453D-4129-9577-1CC5F6736132}.VSDebug|Win32.ActiveCfg = VSDebug|Win32
		{C82A9587-453D-4129-9577-1CC5F6736132}.VSDebug|Win32.Build.0 = VSDebug|Win32
		{E3E8700F-7C9D-4F42-984A-A8808C9BACE3}.Release|Win32.ActiveCfg = Release|Win32
		{E3E8700F-7C9D-4F42-984A-A8808C9BACE3}.Release|Win32.Build.0 = Release|Win32
		{E3E8700F-7C9D-4F42-984A-A8808C9BACE3}.VSDebug|Win32.ActiveCfg = VSDebug|Win32
		{E3E8700F-7C9D-4F42-984A-A8808C9BACE3}.VSDebug|Win32.Build.0 = VSDebug|Win32
		{1FFD9485-16B7-424C-96F9-570A23EBA6A5}.Release|Win32.ActiveCfg = Release|Win32
		{1FFD9485-16B7-424C-96F9-570A23EBA6A5}.Release|Win32.Build.0 = Release|Win32
		{1FFD9485-16B7-424C-96F9-570A23EBA6A5}.VSDebug|Win32.ActiveCfg = VSDebug|Win32
		{1FFD9485-16B7-424C-96F9-570A23EBA6A5}.VSDebug|Win32.Build.0 = VSDebug|Win32
		{539E3DEA-B41D-4071-A77A-E86EBFD56434}.Release|Win32.ActiveCfg = Release|Win32
		{539E3DEA-B41D-4071-A77A-E86EBFD56434}.Release|Win32.Build.0 = Release|Win32
		{539E3DEA-B41D-4071-A77A-E86EBFD56434}.VSDebug|Win32.ActiveCfg = VSDebug|Win32
		{539E3DEA-B41D-4071-A77A-E86EBFD56434}.VSDebug|Win32.Build.0 = VSDebug|Win32
		{4D63AA8F-6EBD-4FAC-8F89-28489CEB97F4}.Release|Win32.ActiveCfg = Release|Win32
		{4D63AA8F-6EBD-4FAC-8F89-28489CEB97F4}.Release|Win32.Build.0 = Release|Win32
		{4D63AA8F-6EBD-4FAC-8F89-28489CEB97F4}.VSDebug|Win32.ActiveCfg = VSDebug|Win32
		{4D63AA8F-6EBD-4FAC-8F89-28489CEB97F4}.VSDebug|Win32.Build.0 = VSDebug|Win32
		{099E40B5-C011-44FD-BEC2-C46FE075EE19}.Release|Win32.ActiveCfg = Release|Win32
		{099E40B5-C011-44FD-BEC2-C46FE075EE19}.Release|Win32.Build.0 = Release|Win32
		{099E40B5-C011-44FD-BEC2-C46FE075EE19}.VSDebug|Win32.ActiveCfg = VSDebug|Win32
		{099E40B5-C011-44FD-BEC2-C46FE075EE19}.VSDebug|Win32.Build.0 = VSDebug|Win32
		{6BEC913E-AFEB-4C16-AB73-53A44DDA8210}.Release|Win32.ActiveCfg = Release|Win32
		{6BEC913E-AFEB-4C16-AB73-53A44DDA8210}.Release|Win32.Build.0 = Release|Win32
		{6BEC913E-AFEB-4C16-AB73-53A44DDA8210}.VSDebug|Win32.ActiveCfg = VSDebug|Win32
		{6BEC913E-AFEB-4C16-AB73-53A44DDA8210}.VSDebug|Win32.Build.0 = VSDebug|Win32
		{B4630CF5-6F2A-4A07-8D94-B595B3CA8E70}.Release|Win32.ActiveCfg = Release|Win32
		{B4630CF5-6F2A-4A07-8D94-B595B3CA8E70}.Release|Win32.Build.0 = Release|Win32
		{B4630CF5-6F2A-4A07-8D94-B595B3CA8E70}.VSDebug|Win32.ActiveCfg = VSDebug|Win32
		{B4630CF5-6F2A-4A07-8D94-B595B3CA8E70}.VSDebug|Win32.Build.0 = VSDebug|Win32
		{98404A9A-9E39-4964-AB60-4C78133CFCD5}.Release|Win32.ActiveCfg = Release|Win32
		{98404A9A-9E39-4964-AB60-4C78133CFCD5}.Release|Win32.Build.0 = Release|Win32
		{98404A9A-9E39-4964-AB60-4C78133CFCD5}.VSDebug|Win32.ActiveCfg = VSDebug|Win32
		{98404A9A-9E39-4964-AB60-4C78133CFCD5}.VSDebug|Win32.Build.0 = VSDebug|Win32
		{1432A9C3-46F1-45AF-BF00-CD886E38DAFA}.Release|Win32.ActiveCfg = Release|Win32
		{1432A9C3-46F1-45AF-BF00-CD886E38DAFA}.Release|Win32.Build.0 = Release|Win32
		{1432A9C3-46F1-45AF-BF00-CD886E38DAFA}.VSDebug|Win32.ActiveCfg = VSDebug|Win32
		{1432A9C3-46F1-45AF-BF00-CD886E38DAFA}.VSDebug|Win32.Build.0 = VSDebug|Win32
		{F106B0F5-ABD4-43FB-8243-FE524B71CC34}.Release|Win32.ActiveCfg = Release|Win32
		{F106B0F5-ABD4-43FB-8243-FE524B71CC34}.Release|Win32.Build.0 = Release|Win32
		{F106B0F5-ABD4-43FB-8243-FE524B71CC34}.VSDebug|Win32.ActiveCfg = VSDebug|Win32
		{F106B0F5-ABD4-43FB-8243-FE524B71CC34}.VSDebug|Win32.Build.0 = VSDebug|Win32
		{6D488D9E-DD16-4314-B51C-073962B7AB1D}.Release|Win32.ActiveCfg = Release|Win32
		{6D488D9E-DD16-4314-B51C-073962B7AB1D}.Release|Win32.Build.0 = Release|Win32
		{6D488D9E-DD16-4314-B51C-073962B7AB1D}.VSDebug|Win32.ActiveCfg = VSDebug|Win32
		{6D488D9E-DD16-4314-B51C-073962B7AB1D}.VSDebug|Win32.Build.0 = VSDebug|Win32
		{92ADEE98-A5D8-47F1-9DCA-985352EA28FB}.Release|Win32.ActiveCfg = Release|Win32
		{92ADEE98-A5D8-47F1-9DCA-985352EA28FB}.Release|Win32.Build.0 = Release|Win32
		{92ADEE98-A5D8-47F1-9DCA-985352EA28FB}.VSDebug|Win32.ActiveCfg = VSDebug|Win32
		{92ADEE98-A5D8-47F1-9DCA-985352EA28FB}.VSDebug|Win32.Build.0 = VSDebug|Win32
		{2E19C18D-BEE8-40E3-A9C0-6CF172B2A399}.Release|Win32.ActiveCfg = Release|Win32
		{2E19C18D-BEE8-40E3-A9C0-6CF172B2A399}.Release|Win32.Build.0 = Release|Win32
		{2E19C18D-BEE8-40E3-A9C0-6CF172B2A399}.VSDebug|Win32.ActiveCfg = VSDebug|Win32
		{2E19C18D-BEE8-40E3-A9C0-6CF172B2A399}.VSDebug|Win32.Build.0 = VSDebug|Win32
		{006643B4-37D5-4B97-B1C2-FF6A0FDDF068}.Release|Win32.ActiveCfg = Release|Win32
		{006643B4-37D5-4B97-B1C2-FF6A0FDDF068}.Release|Win32.Build.0 = Release|Win32
		{006643B4-37D5-4B97-B1C2-FF6A0FDDF068}.VSDebug|Win32.ActiveCfg = VSDebug|Win32
		{006643B4-37D5-4B97-B1C2-FF6A0FDDF068}.VSDebug|Win32.Build.0 = VSDebug|Win32
		{EDB90453-2387-443B-B270-CECDA76F1B7D}.Release|Win32.ActiveCfg = Release|Win32
		{EDB90453-2387-443B-B270-CECDA76F1B7D}.Release|Win32.Build.0 = Release|Win32
		{EDB90453-2387-443B-B270-CECDA76F1B7D}.VSDebug|Win32.ActiveCfg = VSDebug|Win32
		{EDB90453-2387-443B-B270-CECDA76F1B7D}.VSDebug|Win32.Build.0 = VSDebug|Win32
		{BAA2DB88-5C19-4743-92E4-F3DD74476EE8}.Release|Win32.ActiveCfg = Release|Win32
		{BAA2DB88-5C19-4743-92E4-F3DD74476EE8}.Release|Win32.Build.0 = Release|Win32
		{BAA2DB88-5C19-4743-92E4-F3DD74476EE8}.VSDebug|Win32.ActiveCfg = VSDebug|Win32
		{BAA2DB88-5C19-4743-92E4-F3DD74476EE8}.VSDebug|Win32.Build.0 = VSDebug|Win32
		{6C68A855-FB08-4E52-A9B7-EDD65DED89CF}.Release|Win32.ActiveCfg = Release|Win32
		{6C68A855-FB08-4E52-A9B7-EDD65DED89CF}.Release|Win32.Build.0 = Release|Win32
		{6C68A855-FB08-4E52-A9B7-EDD65DED89CF}.VSDebug|Win32.ActiveCfg = VSDebug|Win32
		{6C68A855-FB08-4E52-A9B7-EDD65DED89CF}.VSDebug|Win32.Build.0 = VSDebug|Win32
		{F64E6077-539E-477F-9F5D-0BABD4682FE5}.Release|Win32.ActiveCfg = Release|Win32
		{F64E6077-539E-477F-9F5D-0BABD4682FE5}.Release|Win32.Build.0 = Release|Win32
		{F64E6077-539E-477F-9F5D-0BABD4682FE5}.VSDebug|Win32.ActiveCfg = VSDebug|Win32
		{F64E6077-539E-477F-9F5D-0BABD4682FE5}.VSDebug|Win32.Build.0 = VSDebug|Win32
		{12883100-8CD7-41A4-A794-06DD6EFCA65F}.Release|Win32.ActiveCfg = Release|Win32
		{12883100-8CD7-41A4-A794-06DD6EFCA65F}.Release|Win32.Build.0 = Release|Win32
		{12883100-8CD7-41A4-A794-06DD6EFCA65F}.VSDebug|Win32.ActiveCfg = VSDebug|Win32
		{12883100-8CD7-41A4-A794-06DD6EFCA65F}.VSDebug|Win32.Build.0 = VSDebug|Win32
		{958CA39C-099D-494F-AAE2-12C466742184}.Release|Win32.ActiveCfg = Release|Win32
		{958CA39C-099D-494F-AAE2-12C466742184}.Release|Win32.Build.0 = Release|Win32
		{958CA39C-099D-494F-AAE2-12C466742184}.VSDebug|Win32.ActiveCfg = VSDebug|Win32
		{958CA39C-099D-494F-AAE2-12C466742184}.VSDebug|Win32.Build.0 = VSDebug|Win32
		{58338F59-017F-47CD-A412-D28106D48A82}.Release|Win32.ActiveCfg = Release|Win32
		{58338F59-017F-47CD-A412-D28106D48A82}.Release|Win32.Build.0 = Release|Win32
		{58338F59-017F-47CD-A412-D28106D48A82}.VSDebug|Win32.ActiveCfg = VSDebug|Win32
		{58338F59-017F-47CD-A412-D28106D48A82}.VSDebug|Win32.Build.0 = VSDebug|Win32
		{B0E71E82-7777-4F51-901E-FF71350E9554}.Release|Win32.ActiveCfg = Release|Win32
		{B0E71E82-7777-4F51-901E-FF71350E9554}.Release|Win32.Build.0 = Release|Win32
		{B0E71E82-7777-4F51-901E-FF71350E9554}.VSDebug|Win32.ActiveCfg = VSDebug|Win32
		{B0E71E82-7777-4F51-901E-FF71350E9554}.VSDebug|Win32.Build.0 = VSDebug|Win32
		{90940486-1598-4B8D-A69E-1CE250112CD4}.Release|Win32.ActiveCfg = Release|Win32
		{90940486-1598-4B8D-A69E-1CE250112CD4}.Release|Win32.Build.0 = Release|Win32
		{90940486-1598-4B8D-A69E-1CE250112CD4}.VSDebug|Win32.ActiveCfg = VSDebug|Win32
		{90940486-1598-4B8D-A69E-1CE250112CD4}.VSDebug|Win32.Build.0 = VSDebug|Win32
		{A5122AE5-0E5F-44A5-A846-5EE2A6BC071C}.Release|Win32.ActiveCfg = Release|Win32
		{A5122AE5-0E5F-44A5-A846-5EE2A6BC071C}.Release|Win32.Build.0 = Release|Win32
		{A5122AE5-0E5F-44A5-A846-5EE2A6BC071C}.VSDebug|Win32.ActiveCfg = VSDebug|Win32
		{A5122AE5-0E5F-44A5-A846-5EE2A6BC071C}.VSDebug|Win32.Build.0 = VSDebug|Win32
		{BDCA6B77-89E7-4869-857C-B38D7BA799EB}.Release|Win32.ActiveCfg = Release|Win32
		{BDCA6B77-89E7-4869-857C-B38D7BA799EB}.Release|Win32.Build.0 = Release|Win32
		{BDCA6B77-89E7-4869-857C-B38D7BA799EB}.VSDebug|Win32.ActiveCfg = VSDebug|Win32
		{BDCA6B77-89E7-4869-857C-B38D7BA799EB}.VSDebug|Win32.Build.0 = VSDebug|Win32
		{FBB375A6-D219-44E4-AF40-F91C3029FC56}.Release|Win32.ActiveCfg = Release|Win32
		{FBB375A6-D219-44E4-AF40-F91C3029FC56}.Release|Win32.Build.0 = Release|Win32
		{FBB375A6-D219-44E4-AF40-F91C3029FC56}.VSDebug|Win32.ActiveCfg = VSDebug|Win32
		{FBB375A6-D219-44E4-AF40-F91C3029FC56}.VSDebug|Win32.Build.0 = VSDebug|Win32
		{D3F8FFAD-8A36-4D29-BFF8-2BC58B8DD8F3}.Release|Win32.ActiveCfg = Release|Win32
		{D3F8FFAD-8A36-4D29-BFF8-2BC58B8DD8F3}.Release|Win32.Build.0 = Release|Win32
		{D3F8FFAD-8A36-4D29-BFF8-2BC58B8DD8F3}.VSDebug|Win32.ActiveCfg = VSDebug|Win32
		{D3F8FFAD-8A36-4D29-BFF8-2BC58B8DD8F3}.VSDebug|Win32.Build.0 = VSDebug|Win32
		{A0028F3E-BF42-4839-A17E-21D8089C78B8}.Release|Win32.ActiveCfg = Release|Win32
		{A0028F3E-BF42-4839-A17E-21D8089C78B8}.Release|Win32.Build.0 = Release|Win32
		{A0028F3E-BF42-4839-A17E-21D8089C78B8}.VSDebug|Win32.ActiveCfg = VSDebug|Win32
		{A0028F3E-BF42-4839-A17E-21D8089C78B8}.VSDebug|Win32.Build.0 = VSDebug|Win32
		{5371242B-3CF1-4687-998E-79507509A904}.Release|Win32.ActiveCfg = Release|Win32
		{5371242B-3CF1-4687-998E-79507509A904}.Release|Win32.Build.0 = Release|Win32
		{5371242B-3CF1-4687-998E-79507509A904}.VSDebug|Win32.ActiveCfg = VSDebug|Win32
		{5371242B-3CF1-4687-998E-79507509A904}.VSDebug|Win32.Build.0 = VSDebug|Win32
		{AFAFA4E2-8903-4EC0-91F7-919989BEFA74}.Release|Win32.ActiveCfg = Release|Win32
		{AFAFA4E2-8903-4EC0-91F7-919989BEFA74}.Release|Win32.Build.0 = Release|Win32
		{AFAFA4E2-8903-4EC0-91F7-919989BEFA74}.VSDebug|Win32.ActiveCfg = VSDebug|Win32
		{AFAFA4E2-8903-4EC0-91F7-919989BEFA74}.VSDebug|Win32.Build.0 = VSDebug|Win32
	EndGlobalSection
	GlobalSection(SolutionProperties) = preSolution
		HideSolutionNode = FALSE
	EndGlobalSection
EndGlobal
